{
    "requires": true,
    "lockfileVersion": 1,
    "dependencies": {
        "sweetalert2": {
            "version": "10.16.5",
            "resolved": "https://registry.npmjs.org/sweetalert2/-/sweetalert2-10.16.5.tgz",
            "integrity": "sha512-M2mpdSkVRcCCJ7Asa7y4Mxirwxi+XLVXcQnqfyLLUgZRUyfKaUpakQoRv1uVVmeptoQdC0ydaOy8m+WxVxbTSg=="
        }
    }
}
